# THIS IS AN AUTOGENERATED FILE. DO NOT EDIT THIS FILE DIRECTLY.
# yarn lockfile v1


preact@^10.15.0:
  version "10.15.0"
  resolved "https://registry.yarnpkg.com/preact/-/preact-10.15.0.tgz#14bae0afe3547ca9d45d22fda2a4266462d31cf3"
  integrity sha512-nZSa8M2R2m1n7nJSBlzDpxRJaIsejrTO1vlFbdpFvyC8qM1iU+On2y0otfoUm6SRB5o0lF0CKDFxg6grEFU0iQ==
